Microsoft Visual Studio Solution File, Format Version 12.00
# Visual Studio 15
VisualStudioVersion = 15.0.26430.6
MinimumVisualStudioVersion = 10.0.40219.1
Project("{FAE04EC0-301F-11D3-BF4B-00C04F79EFBC}") = "Xpertdoc.SmartFlows.Client.Samples", "src\Xpertdoc.SmartFlows.Client.Samples\Xpertdoc.SmartFlows.Client.Samples.csproj", "{AAF4BD44-6496-4C45-847C-ADA9CB94B05C}"
EndProject
Project("{FAE04EC0-301F-11D3-BF4B-00C04F79EFBC}") = "Xpertdoc.SmartFlows.Client.Console", "Xpertdoc.SmartFlows.Client.Console\Xpertdoc.SmartFlows.Client.Console.csproj", "{9E4223D8-1FC6-4AC8-92AE-7AD2E8628F36}"
EndProject
Global
	GlobalSection(SolutionConfigurationPlatforms) = preSolution
		Debug|Any CPU = Debug|Any CPU
		Release|Any CPU = Release|Any CPU
	EndGlobalSection
	GlobalSection(ProjectConfigurationPlatforms) = postSolution
		{AAF4BD44-6496-4C45-847C-ADA9CB94B05C}.Debug|Any CPU.ActiveCfg = Debug|Any CPU
		{AAF4BD44-6496-4C45-847C-ADA9CB94B05C}.Debug|Any CPU.Build.0 = Debug|Any CPU
		{AAF4BD44-6496-4C45-847C-ADA9CB94B05C}.Release|Any CPU.ActiveCfg = Release|Any CPU
		{AAF4BD44-6496-4C45-847C-ADA9CB94B05C}.Release|Any CPU.Build.0 = Release|Any CPU
		{9E4223D8-1FC6-4AC8-92AE-7AD2E8628F36}.Debug|Any CPU.ActiveCfg = Debug|Any CPU
		{9E4223D8-1FC6-4AC8-92AE-7AD2E8628F36}.Debug|Any CPU.Build.0 = Debug|Any CPU
		{9E4223D8-1FC6-4AC8-92AE-7AD2E8628F36}.Release|Any CPU.ActiveCfg = Release|Any CPU
		{9E4223D8-1FC6-4AC8-92AE-7AD2E8628F36}.Release|Any CPU.Build.0 = Release|Any CPU
	EndGlobalSection
	GlobalSection(SolutionProperties) = preSolution
		HideSolutionNode = FALSE
	EndGlobalSection
	GlobalSection(ExtensibilityGlobals) = postSolution
		SolutionGuid = {03717635-2BA8-48B8-825E-3DD313AFA801}
	EndGlobalSection
EndGlobal
