Microsoft Visual Studio Solution File, Format Version 12.00
# Visual Studio 15
VisualStudioVersion = 15.0.27428.2043
MinimumVisualStudioVersion = 10.0.40219.1
Project("{FAE04EC0-301F-11D3-BF4B-00C04F79EFBC}") = "Xpertdoc.SmartFlows", "src\Xpertdoc.SmartFlows\Xpertdoc.SmartFlows.csproj", "{3CDC21CB-1D0D-40F0-BB5E-E4254BC96FBA}"
EndProject
Project("{FAE04EC0-301F-11D3-BF4B-00C04F79EFBC}") = "Xpertdoc.SmartFlows.Test", "src\Xpertdoc.SmartFlows.Test\Xpertdoc.SmartFlows.Test.csproj", "{19F1DEBC-DE5E-4517-8062-F000CD499087}"
EndProject
Global
	GlobalSection(SolutionConfigurationPlatforms) = preSolution
		Debug|Any CPU = Debug|Any CPU
		Release|Any CPU = Release|Any CPU
	EndGlobalSection
	GlobalSection(ProjectConfigurationPlatforms) = postSolution
		{3CDC21CB-1D0D-40F0-BB5E-E4254BC96FBA}.Debug|Any CPU.ActiveCfg = Debug|Any CPU
		{3CDC21CB-1D0D-40F0-BB5E-E4254BC96FBA}.Debug|Any CPU.Build.0 = Debug|Any CPU
		{3CDC21CB-1D0D-40F0-BB5E-E4254BC96FBA}.Release|Any CPU.ActiveCfg = Release|Any CPU
		{3CDC21CB-1D0D-40F0-BB5E-E4254BC96FBA}.Release|Any CPU.Build.0 = Release|Any CPU
		{19F1DEBC-DE5E-4517-8062-F000CD499087}.Debug|Any CPU.ActiveCfg = Debug|Any CPU
		{19F1DEBC-DE5E-4517-8062-F000CD499087}.Debug|Any CPU.Build.0 = Debug|Any CPU
		{19F1DEBC-DE5E-4517-8062-F000CD499087}.Release|Any CPU.ActiveCfg = Release|Any CPU
		{19F1DEBC-DE5E-4517-8062-F000CD499087}.Release|Any CPU.Build.0 = Release|Any CPU
	EndGlobalSection
	GlobalSection(SolutionProperties) = preSolution
		HideSolutionNode = FALSE
	EndGlobalSection
	GlobalSection(ExtensibilityGlobals) = postSolution
		SolutionGuid = {79E5F9E8-BFC2-4EB1-9663-170580D36435}
	EndGlobalSection
EndGlobal
